Microsoft Visual Studio Solution File, Format Version 12.00
# Visual Studio Version 16
VisualStudioVersion = 16.0.0.0
MinimumVisualStudioVersion = 16.0.0.0
Project("{9A19103F-16F7-4668-BE54-9A1E7A4F7556}") = "Docs.Website.Server", "Server\Docs.Website.Server.csproj", "{4D93FBE2-1E8E-4018-8EFF-0B92227C90EB}"
EndProject
Project("{9A19103F-16F7-4668-BE54-9A1E7A4F7556}") = "Docs.Website.Client", "Client\Docs.Website.Client.csproj", "{83A4E98C-3772-44C3-A3BB-64983AA658EB}"
EndProject
Project("{9A19103F-16F7-4668-BE54-9A1E7A4F7556}") = "Docs.Website.Shared", "Shared\Docs.Website.Shared.csproj", "{E9EFA64E-E779-4494-B32A-D3E25DEA1112}"
EndProject
Global
	GlobalSection(SolutionConfigurationPlatforms) = preSolution
		Debug|Any CPU = Debug|Any CPU
		Debug|x64 = Debug|x64
		Debug|x86 = Debug|x86
		Release|Any CPU = Release|Any CPU
		Release|x64 = Release|x64
		Release|x86 = Release|x86
	EndGlobalSection
	GlobalSection(ProjectConfigurationPlatforms) = postSolution
		{83A4E98C-3772-44C3-A3BB-64983AA658EB}.Debug|Any CPU.ActiveCfg = Debug|Any CPU
		{83A4E98C-3772-44C3-A3BB-64983AA658EB}.Debug|Any CPU.Build.0 = Debug|Any CPU
		{83A4E98C-3772-44C3-A3BB-64983AA658EB}.Debug|x64.ActiveCfg = Debug|Any CPU
		{83A4E98C-3772-44C3-A3BB-64983AA658EB}.Debug|x64.Build.0 = Debug|Any CPU
		{83A4E98C-3772-44C3-A3BB-64983AA658EB}.Debug|x86.ActiveCfg = Debug|Any CPU
		{83A4E98C-3772-44C3-A3BB-64983AA658EB}.Debug|x86.Build.0 = Debug|Any CPU
		{83A4E98C-3772-44C3-A3BB-64983AA658EB}.Release|Any CPU.ActiveCfg = Release|Any CPU
		{83A4E98C-3772-44C3-A3BB-64983AA658EB}.Release|Any CPU.Build.0 = Release|Any CPU
		{83A4E98C-3772-44C3-A3BB-64983AA658EB}.Release|x64.ActiveCfg = Release|Any CPU
		{83A4E98C-3772-44C3-A3BB-64983AA658EB}.Release|x64.Build.0 = Release|Any CPU
		{83A4E98C-3772-44C3-A3BB-64983AA658EB}.Release|x86.ActiveCfg = Release|Any CPU
		{83A4E98C-3772-44C3-A3BB-64983AA658EB}.Release|x86.Build.0 = Release|Any CPU
		{4D93FBE2-1E8E-4018-8EFF-0B92227C90EB}.Debug|Any CPU.ActiveCfg = Debug|Any CPU
		{4D93FBE2-1E8E-4018-8EFF-0B92227C90EB}.Debug|Any CPU.Build.0 = Debug|Any CPU
		{4D93FBE2-1E8E-4018-8EFF-0B92227C90EB}.Debug|x64.ActiveCfg = Debug|Any CPU
		{4D93FBE2-1E8E-4018-8EFF-0B92227C90EB}.Debug|x64.Build.0 = Debug|Any CPU
		{4D93FBE2-1E8E-4018-8EFF-0B92227C90EB}.Debug|x86.ActiveCfg = Debug|Any CPU
		{4D93FBE2-1E8E-4018-8EFF-0B92227C90EB}.Debug|x86.Build.0 = Debug|Any CPU
		{4D93FBE2-1E8E-4018-8EFF-0B92227C90EB}.Release|Any CPU.ActiveCfg = Release|Any CPU
		{4D93FBE2-1E8E-4018-8EFF-0B92227C90EB}.Release|Any CPU.Build.0 = Release|Any CPU
		{4D93FBE2-1E8E-4018-8EFF-0B92227C90EB}.Release|x64.ActiveCfg = Release|Any CPU
		{4D93FBE2-1E8E-4018-8EFF-0B92227C90EB}.Release|x64.Build.0 = Release|Any CPU
		{4D93FBE2-1E8E-4018-8EFF-0B92227C90EB}.Release|x86.ActiveCfg = Release|Any CPU
		{4D93FBE2-1E8E-4018-8EFF-0B92227C90EB}.Release|x86.Build.0 = Release|Any CPU
		{E9EFA64E-E779-4494-B32A-D3E25DEA1112}.Debug|Any CPU.ActiveCfg = Debug|Any CPU
		{E9EFA64E-E779-4494-B32A-D3E25DEA1112}.Debug|Any CPU.Build.0 = Debug|Any CPU
		{E9EFA64E-E779-4494-B32A-D3E25DEA1112}.Debug|x64.ActiveCfg = Debug|Any CPU
		{E9EFA64E-E779-4494-B32A-D3E25DEA1112}.Debug|x64.Build.0 = Debug|Any CPU
		{E9EFA64E-E779-4494-B32A-D3E25DEA1112}.Debug|x86.ActiveCfg = Debug|Any CPU
		{E9EFA64E-E779-4494-B32A-D3E25DEA1112}.Debug|x86.Build.0 = Debug|Any CPU
		{E9EFA64E-E779-4494-B32A-D3E25DEA1112}.Release|Any CPU.ActiveCfg = Release|Any CPU
		{E9EFA64E-E779-4494-B32A-D3E25DEA1112}.Release|Any CPU.Build.0 = Release|Any CPU
		{E9EFA64E-E779-4494-B32A-D3E25DEA1112}.Release|x64.ActiveCfg = Release|Any CPU
		{E9EFA64E-E779-4494-B32A-D3E25DEA1112}.Release|x64.Build.0 = Release|Any CPU
		{E9EFA64E-E779-4494-B32A-D3E25DEA1112}.Release|x86.ActiveCfg = Release|Any CPU
		{E9EFA64E-E779-4494-B32A-D3E25DEA1112}.Release|x86.Build.0 = Release|Any CPU
	EndGlobalSection
	GlobalSection(SolutionProperties) = preSolution
		HideSolutionNode = FALSE
	EndGlobalSection
	GlobalSection(ExtensibilityGlobals) = postSolution
		SolutionGuid = {CA4FAA83-F3CF-4054-AE85-DCBD7D0DE4AB}
	EndGlobalSection
EndGlobal